
Microsoft Visual Studio Solution File, Format Version 12.00
# Visual Studio Version 16
VisualStudioVersion = 16.0.30717.126
MinimumVisualStudioVersion = 10.0.40219.1
Project("{8BC9CEB8-8B4A-11D0-8D11-00A0C91BC942}") = "Exam3B_21812158_김주환", "Exam3B_21812158_김주환\Exam3B_21812158_김주환.vcxproj", "{CAE9BCA8-5B41-4171-8B9A-655E2CCB271A}"
EndProject
Global
	GlobalSection(SolutionConfigurationPlatforms) = preSolution
		Debug|x64 = Debug|x64
		Debug|x86 = Debug|x86
		Release|x64 = Release|x64
		Release|x86 = Release|x86
	EndGlobalSection
	GlobalSection(ProjectConfigurationPlatforms) = postSolution
		{CAE9BCA8-5B41-4171-8B9A-655E2CCB271A}.Debug|x64.ActiveCfg = Debug|x64
		{CAE9BCA8-5B41-4171-8B9A-655E2CCB271A}.Debug|x64.Build.0 = Debug|x64
		{CAE9BCA8-5B41-4171-8B9A-655E2CCB271A}.Debug|x86.ActiveCfg = Debug|Win32
		{CAE9BCA8-5B41-4171-8B9A-655E2CCB271A}.Debug|x86.Build.0 = Debug|Win32
		{CAE9BCA8-5B41-4171-8B9A-655E2CCB271A}.Release|x64.ActiveCfg = Release|x64
		{CAE9BCA8-5B41-4171-8B9A-655E2CCB271A}.Release|x64.Build.0 = Release|x64
		{CAE9BCA8-5B41-4171-8B9A-655E2CCB271A}.Release|x86.ActiveCfg = Release|Win32
		{CAE9BCA8-5B41-4171-8B9A-655E2CCB271A}.Release|x86.Build.0 = Release|Win32
	EndGlobalSection
	GlobalSection(SolutionProperties) = preSolution
		HideSolutionNode = FALSE
	EndGlobalSection
	GlobalSection(ExtensibilityGlobals) = postSolution
		SolutionGuid = {22AC3ED8-B725-4C35-ACEC-EAB40D2C95F5}
	EndGlobalSection
EndGlobal
