
Microsoft Visual Studio Solution File, Format Version 12.00
# Visual Studio Version 16
VisualStudioVersion = 16.0.30717.126
MinimumVisualStudioVersion = 10.0.40219.1
Project("{8BC9CEB8-8B4A-11D0-8D11-00A0C91BC942}") = "Exam1C_21812158_김주환", "Exam1C_21812158_김주환\Exam1C_21812158_김주환.vcxproj", "{404268ED-BEB7-408C-92D9-BF1E37AD6AFD}"
EndProject
Global
	GlobalSection(SolutionConfigurationPlatforms) = preSolution
		Debug|x64 = Debug|x64
		Debug|x86 = Debug|x86
		Release|x64 = Release|x64
		Release|x86 = Release|x86
	EndGlobalSection
	GlobalSection(ProjectConfigurationPlatforms) = postSolution
		{404268ED-BEB7-408C-92D9-BF1E37AD6AFD}.Debug|x64.ActiveCfg = Debug|x64
		{404268ED-BEB7-408C-92D9-BF1E37AD6AFD}.Debug|x64.Build.0 = Debug|x64
		{404268ED-BEB7-408C-92D9-BF1E37AD6AFD}.Debug|x86.ActiveCfg = Debug|Win32
		{404268ED-BEB7-408C-92D9-BF1E37AD6AFD}.Debug|x86.Build.0 = Debug|Win32
		{404268ED-BEB7-408C-92D9-BF1E37AD6AFD}.Release|x64.ActiveCfg = Release|x64
		{404268ED-BEB7-408C-92D9-BF1E37AD6AFD}.Release|x64.Build.0 = Release|x64
		{404268ED-BEB7-408C-92D9-BF1E37AD6AFD}.Release|x86.ActiveCfg = Release|Win32
		{404268ED-BEB7-408C-92D9-BF1E37AD6AFD}.Release|x86.Build.0 = Release|Win32
	EndGlobalSection
	GlobalSection(SolutionProperties) = preSolution
		HideSolutionNode = FALSE
	EndGlobalSection
	GlobalSection(ExtensibilityGlobals) = postSolution
		SolutionGuid = {D6A306C1-6FA9-41F4-A965-0215EFD6926D}
	EndGlobalSection
EndGlobal
